
Microsoft Visual Studio Solution File, Format Version 11.00
# Visual Studio 2010
Project("{FAE04EC0-301F-11D3-BF4B-00C04F79EFBC}") = "project8", "Assembly-CSharp-firstpass.csproj", "{DCF76715-56A1-3131-E267-CF9916FEC9AB}"
EndProject
Project("{FAE04EC0-301F-11D3-BF4B-00C04F79EFBC}") = "project8", "Assembly-CSharp-Editor-firstpass.csproj", "{5B857DF5-48DF-BB39-A924-4B606D6AC191}"
EndProject
Global
	GlobalSection(SolutionConfigurationPlatforms) = preSolution
		Debug|Any CPU = Debug|Any CPU
		Release|Any CPU = Release|Any CPU
	EndGlobalSection
	GlobalSection(ProjectConfigurationPlatforms) = postSolution
		{DCF76715-56A1-3131-E267-CF9916FEC9AB}.Debug|Any CPU.ActiveCfg = Debug|Any CPU
		{DCF76715-56A1-3131-E267-CF9916FEC9AB}.Debug|Any CPU.Build.0 = Debug|Any CPU
		{DCF76715-56A1-3131-E267-CF9916FEC9AB}.Release|Any CPU.ActiveCfg = Release|Any CPU
		{DCF76715-56A1-3131-E267-CF9916FEC9AB}.Release|Any CPU.Build.0 = Release|Any CPU
		{5B857DF5-48DF-BB39-A924-4B606D6AC191}.Debug|Any CPU.ActiveCfg = Debug|Any CPU
		{5B857DF5-48DF-BB39-A924-4B606D6AC191}.Debug|Any CPU.Build.0 = Debug|Any CPU
		{5B857DF5-48DF-BB39-A924-4B606D6AC191}.Release|Any CPU.ActiveCfg = Release|Any CPU
		{5B857DF5-48DF-BB39-A924-4B606D6AC191}.Release|Any CPU.Build.0 = Release|Any CPU
	EndGlobalSection
	GlobalSection(SolutionProperties) = preSolution
		HideSolutionNode = FALSE
	EndGlobalSection
	GlobalSection(MonoDevelopProperties) = preSolution
		StartupItem = Assembly-CSharp.csproj
	EndGlobalSection
EndGlobal
